
Microsoft Visual Studio Solution File, Format Version 12.00
# Visual Studio Version 16
VisualStudioVersion = 16.0.30225.117
MinimumVisualStudioVersion = 10.0.40219.1
Project("{FAE04EC0-301F-11D3-BF4B-00C04F79EFBC}") = "Validating_input", "Validating_input.csproj", "{4E7BA7A4-6187-4A4F-8A4B-4F8A04397DD7}"
EndProject
Global
	GlobalSection(SolutionConfigurationPlatforms) = preSolution
		Debug|Any CPU = Debug|Any CPU
		Release|Any CPU = Release|Any CPU
	EndGlobalSection
	GlobalSection(ProjectConfigurationPlatforms) = postSolution
		{4E7BA7A4-6187-4A4F-8A4B-4F8A04397DD7}.Debug|Any CPU.ActiveCfg = Debug|Any CPU
		{4E7BA7A4-6187-4A4F-8A4B-4F8A04397DD7}.Debug|Any CPU.Build.0 = Debug|Any CPU
		{4E7BA7A4-6187-4A4F-8A4B-4F8A04397DD7}.Release|Any CPU.ActiveCfg = Release|Any CPU
		{4E7BA7A4-6187-4A4F-8A4B-4F8A04397DD7}.Release|Any CPU.Build.0 = Release|Any CPU
	EndGlobalSection
	GlobalSection(SolutionProperties) = preSolution
		HideSolutionNode = FALSE
	EndGlobalSection
	GlobalSection(ExtensibilityGlobals) = postSolution
		SolutionGuid = {DFDF5FF6-B5A7-41D5-A448-D50EC4D7AE36}
	EndGlobalSection
EndGlobal
